
Microsoft Visual Studio Solution File, Format Version 12.00
# Visual Studio Version 16
VisualStudioVersion = 16.0.32407.337
MinimumVisualStudioVersion = 10.0.40219.1
Project("{FAE04EC0-301F-11D3-BF4B-00C04F79EFBC}") = "ToDoApp.WebAPI", "ToDo.WebAPI\ToDoApp.WebAPI.csproj", "{DE203496-1EB2-42BC-9949-3EC89D7B4832}"
EndProject
Project("{FAE04EC0-301F-11D3-BF4B-00C04F79EFBC}") = "ToDoApp.DataAccess", "..\ToDo.Repository\ToDoApp.DataAccess.csproj", "{EA785C95-F9E7-484D-BA40-760746A05022}"
EndProject
Global
	GlobalSection(SolutionConfigurationPlatforms) = preSolution
		Debug|Any CPU = Debug|Any CPU
		Release|Any CPU = Release|Any CPU
	EndGlobalSection
	GlobalSection(ProjectConfigurationPlatforms) = postSolution
		{DE203496-1EB2-42BC-9949-3EC89D7B4832}.Debug|Any CPU.ActiveCfg = Debug|Any CPU
		{DE203496-1EB2-42BC-9949-3EC89D7B4832}.Debug|Any CPU.Build.0 = Debug|Any CPU
		{DE203496-1EB2-42BC-9949-3EC89D7B4832}.Release|Any CPU.ActiveCfg = Release|Any CPU
		{DE203496-1EB2-42BC-9949-3EC89D7B4832}.Release|Any CPU.Build.0 = Release|Any CPU
		{EA785C95-F9E7-484D-BA40-760746A05022}.Debug|Any CPU.ActiveCfg = Debug|Any CPU
		{EA785C95-F9E7-484D-BA40-760746A05022}.Debug|Any CPU.Build.0 = Debug|Any CPU
		{EA785C95-F9E7-484D-BA40-760746A05022}.Release|Any CPU.ActiveCfg = Release|Any CPU
		{EA785C95-F9E7-484D-BA40-760746A05022}.Release|Any CPU.Build.0 = Release|Any CPU
	EndGlobalSection
	GlobalSection(SolutionProperties) = preSolution
		HideSolutionNode = FALSE
	EndGlobalSection
	GlobalSection(ExtensibilityGlobals) = postSolution
		SolutionGuid = {036DFA32-40C2-4292-8964-CCA6AD24F4ED}
	EndGlobalSection
EndGlobal
